
Microsoft Visual Studio Solution File, Format Version 12.00
# Visual Studio 2013
VisualStudioVersion = 12.0.21005.1
MinimumVisualStudioVersion = 10.0.40219.1
Project("{FAE04EC0-301F-11D3-BF4B-00C04F79EFBC}") = "App1", "App1\App1.csproj", "{FD65045B-857A-47CC-B50E-7AB8B6604DBA}"
EndProject
Project("{FAE04EC0-301F-11D3-BF4B-00C04F79EFBC}") = "App2", "App2\App2.csproj", "{96045DAC-DA58-4B69-9A55-A87878791F1C}"
EndProject
Global
	GlobalSection(SolutionConfigurationPlatforms) = preSolution
		Debug|Any CPU = Debug|Any CPU
		Release|Any CPU = Release|Any CPU
	EndGlobalSection
	GlobalSection(ProjectConfigurationPlatforms) = postSolution
		{FD65045B-857A-47CC-B50E-7AB8B6604DBA}.Debug|Any CPU.ActiveCfg = Debug|Any CPU
		{FD65045B-857A-47CC-B50E-7AB8B6604DBA}.Debug|Any CPU.Build.0 = Debug|Any CPU
		{FD65045B-857A-47CC-B50E-7AB8B6604DBA}.Release|Any CPU.ActiveCfg = Release|Any CPU
		{FD65045B-857A-47CC-B50E-7AB8B6604DBA}.Release|Any CPU.Build.0 = Release|Any CPU
		{96045DAC-DA58-4B69-9A55-A87878791F1C}.Debug|Any CPU.ActiveCfg = Debug|Any CPU
		{96045DAC-DA58-4B69-9A55-A87878791F1C}.Debug|Any CPU.Build.0 = Debug|Any CPU
		{96045DAC-DA58-4B69-9A55-A87878791F1C}.Release|Any CPU.ActiveCfg = Release|Any CPU
		{96045DAC-DA58-4B69-9A55-A87878791F1C}.Release|Any CPU.Build.0 = Release|Any CPU
	EndGlobalSection
	GlobalSection(SolutionProperties) = preSolution
		HideSolutionNode = FALSE
	EndGlobalSection
EndGlobal
